{
  "name": "@performanc/voice",
  "version": "2.2.3",
  "lockfileVersion": 3,
  "requires": true,
  "packages": {
    "": {
      "name": "@performanc/voice",
      "version": "2.2.3",
      "license": "BSD-3-Clause",
      "dependencies": {
        "@performanc/pwsl": "github:PerformanC/Internals#PWSL",
        "@snazzah/davey": "^0.1.9"
      },
      "optionalDependencies": {
        "libsodium-wrappers": "^0.7.16",
        "sodium-native": "^5.0.10"
      }
    },
    "node_modules/@emnapi/core": {
      "version": "1.8.1",
      "resolved": "https://registry.npmjs.org/@emnapi/core/-/core-1.8.1.tgz",
      "integrity": "sha512-AvT9QFpxK0Zd8J0jopedNm+w/2fIzvtPKPjqyw9jwvBaReTTqPBk9Hixaz7KbjimP+QNz605/XnjFcDAL2pqBg==",
      "license": "MIT",
      "optional": true,
      "dependencies": {
        "@emnapi/wasi-threads": "1.1.0",
        "tslib": "^2.4.0"
      }
    },
    "node_modules/@emnapi/runtime": {
      "version": "1.8.1",
      "resolved": "https://registry.npmjs.org/@emnapi/runtime/-/runtime-1.8.1.tgz",
      "integrity": "sha512-mehfKSMWjjNol8659Z8KxEMrdSJDDot5SXMq00dM8BN4o+CLNXQ0xH2V7EchNHV4RmbZLmmPdEaXZc5H2FXmDg==",
      "license": "MIT",
      "optional": true,
      "dependencies": {
        "tslib": "^2.4.0"
      }
    },
    "node_modules/@emnapi/wasi-threads": {
      "version": "1.1.0",
      "resolved": "https://registry.npmjs.org/@emnapi/wasi-threads/-/wasi-threads-1.1.0.tgz",
      "integrity": "sha512-WI0DdZ8xFSbgMjR1sFsKABJ/C5OnRrjT06JXbZKexJGrDuPTzZdDYfFlsgcCXCyf+suG5QU2e/y1Wo2V/OapLQ==",
      "license": "MIT",
      "optional": true,
      "dependencies": {
        "tslib": "^2.4.0"
      }
    },
    "node_modules/@napi-rs/wasm-runtime": {
      "version": "1.1.1",
      "resolved": "https://registry.npmjs.org/@napi-rs/wasm-runtime/-/wasm-runtime-1.1.1.tgz",
      "integrity": "sha512-p64ah1M1ld8xjWv3qbvFwHiFVWrq1yFvV4f7w+mzaqiR4IlSgkqhcRdHwsGgomwzBH51sRY4NEowLxnaBjcW/A==",
      "license": "MIT",
      "optional": true,
      "dependencies": {
        "@emnapi/core": "^1.7.1",
        "@emnapi/runtime": "^1.7.1",
        "@tybys/wasm-util": "^0.10.1"
      },
      "funding": {
        "type": "github",
        "url": "https://github.com/sponsors/Brooooooklyn"
      }
    },
    "node_modules/@performanc/pwsl": {
      "version": "1.0.0",
      "resolved": "git+ssh://git@github.com/PerformanC/Internals.git#2fc2743b861c5fc16cb92dd33e15ddd688462a66"
    },
    "node_modules/@snazzah/davey": {
      "version": "0.1.9",
      "resolved": "https://registry.npmjs.org/@snazzah/davey/-/davey-0.1.9.tgz",
      "integrity": "sha512-vNZk5y+IsxjwzTAXikvzz5pqMLb35YytC64nVF2MAFVhjpXu9ITOKUriZ0JG/llwzCAi56jb5x0cXDRIyE2A2A==",
      "license": "MIT",
      "engines": {
        "node": ">= 10"
      },
      "funding": {
        "url": "https://github.com/sponsors/Snazzah"
      },
      "optionalDependencies": {
        "@snazzah/davey-android-arm-eabi": "0.1.9",
        "@snazzah/davey-android-arm64": "0.1.9",
        "@snazzah/davey-darwin-arm64": "0.1.9",
        "@snazzah/davey-darwin-x64": "0.1.9",
        "@snazzah/davey-freebsd-x64": "0.1.9",
        "@snazzah/davey-linux-arm-gnueabihf": "0.1.9",
        "@snazzah/davey-linux-arm64-gnu": "0.1.9",
        "@snazzah/davey-linux-arm64-musl": "0.1.9",
        "@snazzah/davey-linux-x64-gnu": "0.1.9",
        "@snazzah/davey-linux-x64-musl": "0.1.9",
        "@snazzah/davey-wasm32-wasi": "0.1.9",
        "@snazzah/davey-win32-arm64-msvc": "0.1.9",
        "@snazzah/davey-win32-ia32-msvc": "0.1.9",
        "@snazzah/davey-win32-x64-msvc": "0.1.9"
      }
    },
    "node_modules/@snazzah/davey-android-arm-eabi": {
      "version": "0.1.9",
      "resolved": "https://registry.npmjs.org/@snazzah/davey-android-arm-eabi/-/davey-android-arm-eabi-0.1.9.tgz",
      "integrity": "sha512-Dq0WyeVGBw+uQbisV/6PeCQV2ndJozfhZqiNIfQxu6ehIdXB7iHILv+oY+AQN2n+qxiFmLh/MOX9RF+pIWdPbA==",
      "cpu": [
        "arm"
      ],
      "license": "MIT",
      "optional": true,
      "os": [
        "android"
      ],
      "engines": {
        "node": ">= 10"
      }
    },
    "node_modules/@snazzah/davey-android-arm64": {
      "version": "0.1.9",
      "resolved": "https://registry.npmjs.org/@snazzah/davey-android-arm64/-/davey-android-arm64-0.1.9.tgz",
      "integrity": "sha512-OE16OZjv7F/JrD7Mzw5eL2gY2vXRPC8S7ZrmkcMyz/sHHJsGHlT+L7X5s56Bec1YDTVmzAsH4UBuvVBoXuIWEQ==",
      "cpu": [
        "arm64"
      ],
      "license": "MIT",
      "optional": true,
      "os": [
        "android"
      ],
      "engines": {
        "node": ">= 10"
      }
    },
    "node_modules/@snazzah/davey-darwin-arm64": {
      "version": "0.1.9",
      "resolved": "https://registry.npmjs.org/@snazzah/davey-darwin-arm64/-/davey-darwin-arm64-0.1.9.tgz",
      "integrity": "sha512-z7oORvAPExikFkH6tvHhbUdZd77MYZp9VqbCpKEiI+sisWFVXgHde7F7iH3G4Bz6gUYJfgvKhWXiDRc+0SC4dg==",
      "cpu": [
        "arm64"
      ],
      "license": "MIT",
      "optional": true,
      "os": [
        "darwin"
      ],
      "engines": {
        "node": ">= 10"
      }
    },
    "node_modules/@snazzah/davey-darwin-x64": {
      "version": "0.1.9",
      "resolved": "https://registry.npmjs.org/@snazzah/davey-darwin-x64/-/davey-darwin-x64-0.1.9.tgz",
      "integrity": "sha512-f1LzGyRGlM414KpXml3OgWVSd7CgylcdYaFj/zDBb8bvWjxyvsI9iMeuPfe/cduloxRj8dELde/yCDZtFR6PdQ==",
      "cpu": [
        "x64"
      ],
      "license": "MIT",
      "optional": true,
      "os": [
        "darwin"
      ],
      "engines": {
        "node": ">= 10"
      }
    },
    "node_modules/@snazzah/davey-freebsd-x64": {
      "version": "0.1.9",
      "resolved": "https://registry.npmjs.org/@snazzah/davey-freebsd-x64/-/davey-freebsd-x64-0.1.9.tgz",
      "integrity": "sha512-k6p3JY2b8rD6j0V9Ql7kBUMR4eJdcpriNwiHltLzmtGuz/nK5RGQdkEP68gTLc+Uj3xs5Cy0jRKmv2xJQBR4sA==",
      "cpu": [
        "x64"
      ],
      "license": "MIT",
      "optional": true,
      "os": [
        "freebsd"
      ],
      "engines": {
        "node": ">= 10"
      }
    },
    "node_modules/@snazzah/davey-linux-arm-gnueabihf": {
      "version": "0.1.9",
      "resolved": "https://registry.npmjs.org/@snazzah/davey-linux-arm-gnueabihf/-/davey-linux-arm-gnueabihf-0.1.9.tgz",
      "integrity": "sha512-xDaAFUC/1+n/YayNwKsqKOBMuW0KI6F0SjgWU+krYTQTVmAKNjOM80IjemrVoqTpBOxBsT80zEtct2wj11CE3Q==",
      "cpu": [
        "arm"
      ],
      "license": "MIT",
      "optional": true,
      "os": [
        "linux"
      ],
      "engines": {
        "node": ">= 10"
      }
    },
    "node_modules/@snazzah/davey-linux-arm64-gnu": {
      "version": "0.1.9",
      "resolved": "https://registry.npmjs.org/@snazzah/davey-linux-arm64-gnu/-/davey-linux-arm64-gnu-0.1.9.tgz",
      "integrity": "sha512-t1VxFBzWExPNpsNY/9oStdAAuHqFvwZvIO2YPYyVNstxfi2KmAbHMweHUW7xb2ppXuhVQZ4VGmmeXiXcXqhPBw==",
      "cpu": [
        "arm64"
      ],
      "license": "MIT",
      "optional": true,
      "os": [
        "linux"
      ],
      "engines": {
        "node": ">= 10"
      }
    },
    "node_modules/@snazzah/davey-linux-arm64-musl": {
      "version": "0.1.9",
      "resolved": "https://registry.npmjs.org/@snazzah/davey-linux-arm64-musl/-/davey-linux-arm64-musl-0.1.9.tgz",
      "integrity": "sha512-Xvlr+nBPzuFV4PXHufddlt08JsEyu0p8mX2DpqdPxdpysYIH4I8V86yJiS4tk04a6pLBDd8IxTbBwvXJKqd/LQ==",
      "cpu": [
        "arm64"
      ],
      "license": "MIT",
      "optional": true,
      "os": [
        "linux"
      ],
      "engines": {
        "node": ">= 10"
      }
    },
    "node_modules/@snazzah/davey-linux-x64-gnu": {
      "version": "0.1.9",
      "resolved": "https://registry.npmjs.org/@snazzah/davey-linux-x64-gnu/-/davey-linux-x64-gnu-0.1.9.tgz",
      "integrity": "sha512-6Uunc/NxiEkg1reroAKZAGfOtjl1CGa7hfTTVClb2f+DiA8ZRQWBh+3lgkq/0IeL262B4F14X8QRv5Bsv128qw==",
      "cpu": [
        "x64"
      ],
      "license": "MIT",
      "optional": true,
      "os": [
        "linux"
      ],
      "engines": {
        "node": ">= 10"
      }
    },
    "node_modules/@snazzah/davey-linux-x64-musl": {
      "version": "0.1.9",
      "resolved": "https://registry.npmjs.org/@snazzah/davey-linux-x64-musl/-/davey-linux-x64-musl-0.1.9.tgz",
      "integrity": "sha512-fFQ/n3aWt1lXhxSdy+Ge3gi5bR3VETMVsWhH0gwBALUKrbo3ZzgSktm4lNrXE9i0ncMz/CDpZ5i0wt/N3XphEQ==",
      "cpu": [
        "x64"
      ],
      "license": "MIT",
      "optional": true,
      "os": [
        "linux"
      ],
      "engines": {
        "node": ">= 10"
      }
    },
    "node_modules/@snazzah/davey-wasm32-wasi": {
      "version": "0.1.9",
      "resolved": "https://registry.npmjs.org/@snazzah/davey-wasm32-wasi/-/davey-wasm32-wasi-0.1.9.tgz",
      "integrity": "sha512-xWvzej8YCVlUvzlpmqJMIf0XmLlHqulKZ2e7WNe2TxQmsK+o0zTZqiQYs2MwaEbrNXBhYlHDkdpuwoXkJdscNQ==",
      "cpu": [
        "wasm32"
      ],
      "license": "MIT",
      "optional": true,
      "dependencies": {
        "@napi-rs/wasm-runtime": "^1.1.0"
      },
      "engines": {
        "node": ">=14.0.0"
      }
    },
    "node_modules/@snazzah/davey-win32-arm64-msvc": {
      "version": "0.1.9",
      "resolved": "https://registry.npmjs.org/@snazzah/davey-win32-arm64-msvc/-/davey-win32-arm64-msvc-0.1.9.tgz",
      "integrity": "sha512-sTqry/DfltX2OdW1CTLKa3dFYN5FloAEb2yhGsY1i5+Bms6OhwByXfALvyMHYVo61Th2+sD+9BJpQffHFKDA3w==",
      "cpu": [
        "arm64"
      ],
      "license": "MIT",
      "optional": true,
      "os": [
        "win32"
      ],
      "engines": {
        "node": ">= 10"
      }
    },
    "node_modules/@snazzah/davey-win32-ia32-msvc": {
      "version": "0.1.9",
      "resolved": "https://registry.npmjs.org/@snazzah/davey-win32-ia32-msvc/-/davey-win32-ia32-msvc-0.1.9.tgz",
      "integrity": "sha512-twD3LwlkGnSwphsCtpGb5ztpBIWEvGdc0iujoVkdzZ6nJiq5p8iaLjJMO4hBm9h3s28fc+1Qd7AMVnagiOasnA==",
      "cpu": [
        "ia32"
      ],
      "license": "MIT",
      "optional": true,
      "os": [
        "win32"
      ],
      "engines": {
        "node": ">= 10"
      }
    },
    "node_modules/@snazzah/davey-win32-x64-msvc": {
      "version": "0.1.9",
      "resolved": "https://registry.npmjs.org/@snazzah/davey-win32-x64-msvc/-/davey-win32-x64-msvc-0.1.9.tgz",
      "integrity": "sha512-eMnXbv4GoTngWYY538i/qHz2BS+RgSXFsvKltPzKqnqzPzhQZIY7TemEJn3D5yWGfW4qHve9u23rz93FQqnQMA==",
      "cpu": [
        "x64"
      ],
      "license": "MIT",
      "optional": true,
      "os": [
        "win32"
      ],
      "engines": {
        "node": ">= 10"
      }
    },
    "node_modules/@tybys/wasm-util": {
      "version": "0.10.1",
      "resolved": "https://registry.npmjs.org/@tybys/wasm-util/-/wasm-util-0.10.1.tgz",
      "integrity": "sha512-9tTaPJLSiejZKx+Bmog4uSubteqTvFrVrURwkmHixBo0G4seD0zUxp98E1DzUBJxLQ3NPwXrGKDiVjwx/DpPsg==",
      "license": "MIT",
      "optional": true,
      "dependencies": {
        "tslib": "^2.4.0"
      }
    },
    "node_modules/bare-addon-resolve": {
      "version": "1.9.6",
      "resolved": "https://registry.npmjs.org/bare-addon-resolve/-/bare-addon-resolve-1.9.6.tgz",
      "integrity": "sha512-hvOQY1zDK6u0rSr27T6QlULoVLwi8J2k8HHHJlxSfT7XQdQ/7bsS+AnjYkHtu/TkL+gm3aMXAKucJkJAbrDG/g==",
      "license": "Apache-2.0",
      "optional": true,
      "dependencies": {
        "bare-module-resolve": "^1.10.0",
        "bare-semver": "^1.0.0"
      },
      "peerDependencies": {
        "bare-url": "*"
      },
      "peerDependenciesMeta": {
        "bare-url": {
          "optional": true
        }
      }
    },
    "node_modules/bare-module-resolve": {
      "version": "1.12.0",
      "resolved": "https://registry.npmjs.org/bare-module-resolve/-/bare-module-resolve-1.12.0.tgz",
      "integrity": "sha512-JrzrqlC3Tds0iKRwQs8xIIJ+FRieKA9ll0jaqpotDLZtjJPVevzRoeuUYZ5GIo1t1z7/pIRdk85Q3i/2xQLfEQ==",
      "license": "Apache-2.0",
      "optional": true,
      "dependencies": {
        "bare-semver": "^1.0.0"
      },
      "peerDependencies": {
        "bare-url": "*"
      },
      "peerDependenciesMeta": {
        "bare-url": {
          "optional": true
        }
      }
    },
    "node_modules/bare-semver": {
      "version": "1.0.2",
      "resolved": "https://registry.npmjs.org/bare-semver/-/bare-semver-1.0.2.tgz",
      "integrity": "sha512-ESVaN2nzWhcI5tf3Zzcq9aqCZ676VWzqw07eEZ0qxAcEOAFYBa0pWq8sK34OQeHLY3JsfKXZS9mDyzyxGjeLzA==",
      "license": "Apache-2.0",
      "optional": true
    },
    "node_modules/libsodium": {
      "version": "0.7.16",
      "resolved": "https://registry.npmjs.org/libsodium/-/libsodium-0.7.16.tgz",
      "integrity": "sha512-3HrzSPuzm6Yt9aTYCDxYEG8x8/6C0+ag655Y7rhhWZM9PT4NpdnbqlzXhGZlDnkgR6MeSTnOt/VIyHLs9aSf+Q==",
      "license": "ISC",
      "optional": true
    },
    "node_modules/libsodium-wrappers": {
      "version": "0.7.16",
      "resolved": "https://registry.npmjs.org/libsodium-wrappers/-/libsodium-wrappers-0.7.16.tgz",
      "integrity": "sha512-Gtr/WBx4dKjvRL1pvfwZqu7gO6AfrQ0u9vFL+kXihtHf6NfkROR8pjYWn98MFDI3jN19Ii1ZUfPR9afGiPyfHg==",
      "license": "ISC",
      "optional": true,
      "dependencies": {
        "libsodium": "^0.7.16"
      }
    },
    "node_modules/require-addon": {
      "version": "1.2.0",
      "resolved": "https://registry.npmjs.org/require-addon/-/require-addon-1.2.0.tgz",
      "integrity": "sha512-VNPDZlYgIYQwWp9jMTzljx+k0ZtatKlcvOhktZ/anNPI3dQ9NXk7cq2U4iJ1wd9IrytRnYhyEocFWbkdPb+MYA==",
      "license": "Apache-2.0",
      "optional": true,
      "dependencies": {
        "bare-addon-resolve": "^1.3.0"
      },
      "engines": {
        "bare": ">=1.10.0"
      }
    },
    "node_modules/sodium-native": {
      "version": "5.0.10",
      "resolved": "https://registry.npmjs.org/sodium-native/-/sodium-native-5.0.10.tgz",
      "integrity": "sha512-UIw+0AbpCQRuTJF88JWrZomP4O+PXhlWvdopiAJOsUivTyHTf3korMyStxkZuPngSbBEtEfDdc4ewEd8/T4/lA==",
      "license": "MIT",
      "optional": true,
      "dependencies": {
        "require-addon": "^1.1.0",
        "which-runtime": "^1.2.1"
      },
      "engines": {
        "bare": ">=1.16.0"
      }
    },
    "node_modules/tslib": {
      "version": "2.8.1",
      "resolved": "https://registry.npmjs.org/tslib/-/tslib-2.8.1.tgz",
      "integrity": "sha512-oJFu94HQb+KVduSUQL7wnpmqnfmLsOA/nAh6b6EH0wCEoK0/mPeXU6c3wKDV83MkOuHPRHtSXKKU99IBazS/2w==",
      "license": "0BSD",
      "optional": true
    },
    "node_modules/which-runtime": {
      "version": "1.3.2",
      "resolved": "https://registry.npmjs.org/which-runtime/-/which-runtime-1.3.2.tgz",
      "integrity": "sha512-5kwCfWml7+b2NO7KrLMhYihjRx0teKkd3yGp1Xk5Vaf2JGdSh+rgVhEALAD9c/59dP+YwJHXoEO7e8QPy7gOkw==",
      "license": "Apache-2.0",
      "optional": true
    }
  }
}
