{
  "name": "@performanc/voice",
  "version": "1.0.5",
  "lockfileVersion": 3,
  "requires": true,
  "packages": {
    "": {
      "name": "@performanc/voice",
      "version": "1.0.5",
      "license": "SEE LICENSE IN LICENSE",
      "dependencies": {
        "@performanc/pwsl": "github:PerformanC/Internals#PWSL"
      },
      "optionalDependencies": {
        "libsodium-wrappers": "^0.7.13",
        "sodium-native": "^4.0.6",
        "tweetnacl": "^1.0.3"
      }
    },
    "node_modules/@performanc/pwsl": {
      "version": "1.0.0",
      "resolved": "git+ssh://git@github.com/PerformanC/Internals.git#2fc2743b861c5fc16cb92dd33e15ddd688462a66"
    },
    "node_modules/libsodium": {
      "version": "0.7.13",
      "resolved": "https://registry.npmjs.org/libsodium/-/libsodium-0.7.13.tgz",
      "integrity": "sha512-mK8ju0fnrKXXfleL53vtp9xiPq5hKM0zbDQtcxQIsSmxNgSxqCj6R7Hl9PkrNe2j29T4yoDaF7DJLK9/i5iWUw==",
      "optional": true
    },
    "node_modules/libsodium-wrappers": {
      "version": "0.7.13",
      "resolved": "https://registry.npmjs.org/libsodium-wrappers/-/libsodium-wrappers-0.7.13.tgz",
      "integrity": "sha512-kasvDsEi/r1fMzKouIDv7B8I6vNmknXwGiYodErGuESoFTohGSKZplFtVxZqHaoQ217AynyIFgnOVRitpHs0Qw==",
      "optional": true,
      "dependencies": {
        "libsodium": "^0.7.13"
      }
    },
    "node_modules/node-gyp-build": {
      "version": "4.7.1",
      "resolved": "https://registry.npmjs.org/node-gyp-build/-/node-gyp-build-4.7.1.tgz",
      "integrity": "sha512-wTSrZ+8lsRRa3I3H8Xr65dLWSgCvY2l4AOnaeKdPA9TB/WYMPaTcrzf3rXvFoVvjKNVnu0CcWSx54qq9GKRUYg==",
      "optional": true,
      "bin": {
        "node-gyp-build": "bin.js",
        "node-gyp-build-optional": "optional.js",
        "node-gyp-build-test": "build-test.js"
      }
    },
    "node_modules/sodium-native": {
      "version": "4.0.6",
      "resolved": "https://registry.npmjs.org/sodium-native/-/sodium-native-4.0.6.tgz",
      "integrity": "sha512-uYsyycwcz9kYDwpXxJmL2YZosynsxcP6RPySbARVJdC9uNDa2CMjzJ7/WsMMvThKgvAYsBWdZc7L/WSVj9lTcA==",
      "hasInstallScript": true,
      "optional": true,
      "dependencies": {
        "node-gyp-build": "^4.6.0"
      }
    },
    "node_modules/tweetnacl": {
      "version": "1.0.3",
      "resolved": "https://registry.npmjs.org/tweetnacl/-/tweetnacl-1.0.3.tgz",
      "integrity": "sha512-6rt+RN7aOi1nGMyC4Xa5DdYiukl2UWCbcJft7YhxReBGQD7OAM8Pbxw6YMo4r2diNEA8FEmu32YOn9rhaiE5yw==",
      "optional": true
    }
  }
}
