{
  "name": "@performanc/voice",
  "version": "2.2.4",
  "lockfileVersion": 3,
  "requires": true,
  "packages": {
    "": {
      "name": "@performanc/voice",
      "version": "2.2.4",
      "license": "BSD-3-Clause",
      "dependencies": {
        "@performanc/pwsl": "github:PerformanC/Internals#PWSL",
        "@snazzah/davey": "^0.1.10"
      },
      "optionalDependencies": {
        "@toddynnn/udpqueue": "^1.0.4",
        "libsodium-wrappers": "^0.8.2",
        "sodium-native": "^5.1.0"
      }
    },
    "node_modules/@emnapi/core": {
      "version": "1.9.1",
      "resolved": "https://registry.npmjs.org/@emnapi/core/-/core-1.9.1.tgz",
      "integrity": "sha512-mukuNALVsoix/w1BJwFzwXBN/dHeejQtuVzcDsfOEsdpCumXb/E9j8w11h5S54tT1xhifGfbbSm/ICrObRb3KA==",
      "license": "MIT",
      "optional": true,
      "dependencies": {
        "@emnapi/wasi-threads": "1.2.0",
        "tslib": "^2.4.0"
      }
    },
    "node_modules/@emnapi/runtime": {
      "version": "1.9.1",
      "resolved": "https://registry.npmjs.org/@emnapi/runtime/-/runtime-1.9.1.tgz",
      "integrity": "sha512-VYi5+ZVLhpgK4hQ0TAjiQiZ6ol0oe4mBx7mVv7IflsiEp0OWoVsp/+f9Vc1hOhE0TtkORVrI1GvzyreqpgWtkA==",
      "license": "MIT",
      "optional": true,
      "dependencies": {
        "tslib": "^2.4.0"
      }
    },
    "node_modules/@emnapi/wasi-threads": {
      "version": "1.2.0",
      "resolved": "https://registry.npmjs.org/@emnapi/wasi-threads/-/wasi-threads-1.2.0.tgz",
      "integrity": "sha512-N10dEJNSsUx41Z6pZsXU8FjPjpBEplgH24sfkmITrBED1/U2Esum9F3lfLrMjKHHjmi557zQn7kR9R+XWXu5Rg==",
      "license": "MIT",
      "optional": true,
      "dependencies": {
        "tslib": "^2.4.0"
      }
    },
    "node_modules/@napi-rs/wasm-runtime": {
      "version": "1.1.1",
      "resolved": "https://registry.npmjs.org/@napi-rs/wasm-runtime/-/wasm-runtime-1.1.1.tgz",
      "integrity": "sha512-p64ah1M1ld8xjWv3qbvFwHiFVWrq1yFvV4f7w+mzaqiR4IlSgkqhcRdHwsGgomwzBH51sRY4NEowLxnaBjcW/A==",
      "license": "MIT",
      "optional": true,
      "dependencies": {
        "@emnapi/core": "^1.7.1",
        "@emnapi/runtime": "^1.7.1",
        "@tybys/wasm-util": "^0.10.1"
      },
      "funding": {
        "type": "github",
        "url": "https://github.com/sponsors/Brooooooklyn"
      }
    },
    "node_modules/@performanc/pwsl": {
      "version": "1.0.0",
      "resolved": "git+ssh://git@github.com/PerformanC/Internals.git#2fc2743b861c5fc16cb92dd33e15ddd688462a66"
    },
    "node_modules/@snazzah/davey": {
      "version": "0.1.10",
      "resolved": "https://registry.npmjs.org/@snazzah/davey/-/davey-0.1.10.tgz",
      "integrity": "sha512-J5f7vV5/tnj0xGnqufFRd6qiWn3FcR3iXjpjpEmO2Ok+Io0AASkMaZ3I39TsL45as0Qo5bq9wWuamFQ77PjJ+g==",
      "license": "MIT",
      "engines": {
        "node": ">= 10"
      },
      "funding": {
        "url": "https://github.com/sponsors/Snazzah"
      },
      "optionalDependencies": {
        "@snazzah/davey-android-arm-eabi": "0.1.10",
        "@snazzah/davey-android-arm64": "0.1.10",
        "@snazzah/davey-darwin-arm64": "0.1.10",
        "@snazzah/davey-darwin-x64": "0.1.10",
        "@snazzah/davey-freebsd-x64": "0.1.10",
        "@snazzah/davey-linux-arm-gnueabihf": "0.1.10",
        "@snazzah/davey-linux-arm64-gnu": "0.1.10",
        "@snazzah/davey-linux-arm64-musl": "0.1.10",
        "@snazzah/davey-linux-x64-gnu": "0.1.10",
        "@snazzah/davey-linux-x64-musl": "0.1.10",
        "@snazzah/davey-wasm32-wasi": "0.1.10",
        "@snazzah/davey-win32-arm64-msvc": "0.1.10",
        "@snazzah/davey-win32-ia32-msvc": "0.1.10",
        "@snazzah/davey-win32-x64-msvc": "0.1.10"
      }
    },
    "node_modules/@snazzah/davey-android-arm-eabi": {
      "version": "0.1.10",
      "resolved": "https://registry.npmjs.org/@snazzah/davey-android-arm-eabi/-/davey-android-arm-eabi-0.1.10.tgz",
      "integrity": "sha512-7bwHxSNEI2wVXOT6xnmpnO9SHb2xwAnf9oEdL45dlfVHTgU1Okg5rwGwRvZ2aLVFFbTyecfC8EVZyhpyTkjLSw==",
      "cpu": [
        "arm"
      ],
      "license": "MIT",
      "optional": true,
      "os": [
        "android"
      ],
      "engines": {
        "node": ">= 10"
      }
    },
    "node_modules/@snazzah/davey-android-arm64": {
      "version": "0.1.10",
      "resolved": "https://registry.npmjs.org/@snazzah/davey-android-arm64/-/davey-android-arm64-0.1.10.tgz",
      "integrity": "sha512-68WUf2LQwQTP9MgPcCqTWwJztJSIk0keGfF2Y/b+MihSDh29fYJl7C0rbz69aUrVCvCC2lYkB/46P8X1kBz7yg==",
      "cpu": [
        "arm64"
      ],
      "license": "MIT",
      "optional": true,
      "os": [
        "android"
      ],
      "engines": {
        "node": ">= 10"
      }
    },
    "node_modules/@snazzah/davey-darwin-arm64": {
      "version": "0.1.10",
      "resolved": "https://registry.npmjs.org/@snazzah/davey-darwin-arm64/-/davey-darwin-arm64-0.1.10.tgz",
      "integrity": "sha512-nYC+DWCGUC1jUGEenCNQE/jJpL/02m0ebY/NvTCQbul5ktI/ShVzgA3kzssEhZvhf6jbH048Rs39wDhp/b24Jg==",
      "cpu": [
        "arm64"
      ],
      "license": "MIT",
      "optional": true,
      "os": [
        "darwin"
      ],
      "engines": {
        "node": ">= 10"
      }
    },
    "node_modules/@snazzah/davey-darwin-x64": {
      "version": "0.1.10",
      "resolved": "https://registry.npmjs.org/@snazzah/davey-darwin-x64/-/davey-darwin-x64-0.1.10.tgz",
      "integrity": "sha512-0q5Rrcs+O9sSSnPX+A3R3djEQs2nTAtMe5N3lApO6lZas/QNMl6wkEWCvTbDc2cfAYBMSk2jgc1awlRXi4LX3Q==",
      "cpu": [
        "x64"
      ],
      "license": "MIT",
      "optional": true,
      "os": [
        "darwin"
      ],
      "engines": {
        "node": ">= 10"
      }
    },
    "node_modules/@snazzah/davey-freebsd-x64": {
      "version": "0.1.10",
      "resolved": "https://registry.npmjs.org/@snazzah/davey-freebsd-x64/-/davey-freebsd-x64-0.1.10.tgz",
      "integrity": "sha512-/Gq5YDD6Oz8iBqVJLswUnetCv9JCRo1quYX5ujzpAG8zPCNItZo4g4h5p9C+h4Yoay2quWBYhoaVqQKT96bm8g==",
      "cpu": [
        "x64"
      ],
      "license": "MIT",
      "optional": true,
      "os": [
        "freebsd"
      ],
      "engines": {
        "node": ">= 10"
      }
    },
    "node_modules/@snazzah/davey-linux-arm-gnueabihf": {
      "version": "0.1.10",
      "resolved": "https://registry.npmjs.org/@snazzah/davey-linux-arm-gnueabihf/-/davey-linux-arm-gnueabihf-0.1.10.tgz",
      "integrity": "sha512-0Z7Vrt0WIbgxws9CeHB9qlueYJlvltI44rUuZmysdi70UcHGxlr7nE3MnzYCr9nRWRegohn8EQPWHMKMDJH2GA==",
      "cpu": [
        "arm"
      ],
      "license": "MIT",
      "optional": true,
      "os": [
        "linux"
      ],
      "engines": {
        "node": ">= 10"
      }
    },
    "node_modules/@snazzah/davey-linux-arm64-gnu": {
      "version": "0.1.10",
      "resolved": "https://registry.npmjs.org/@snazzah/davey-linux-arm64-gnu/-/davey-linux-arm64-gnu-0.1.10.tgz",
      "integrity": "sha512-xhZQycn4QB+qXhqm/QmZ+kb9MHMXcbjjoPfvcIL4WMQXFG/zUWHW8EiBk7ZTEGMOpeab3F9D1+MlgumglYByUQ==",
      "cpu": [
        "arm64"
      ],
      "license": "MIT",
      "optional": true,
      "os": [
        "linux"
      ],
      "engines": {
        "node": ">= 10"
      }
    },
    "node_modules/@snazzah/davey-linux-arm64-musl": {
      "version": "0.1.10",
      "resolved": "https://registry.npmjs.org/@snazzah/davey-linux-arm64-musl/-/davey-linux-arm64-musl-0.1.10.tgz",
      "integrity": "sha512-pudzQCP9rZItwW4qHHvciMwtNd9kWH4l73g6Id1LRpe6sc8jiFBV7W+YXITj2PZbI0by6XPfkRP6Dk5IkGOuAw==",
      "cpu": [
        "arm64"
      ],
      "license": "MIT",
      "optional": true,
      "os": [
        "linux"
      ],
      "engines": {
        "node": ">= 10"
      }
    },
    "node_modules/@snazzah/davey-linux-x64-gnu": {
      "version": "0.1.10",
      "resolved": "https://registry.npmjs.org/@snazzah/davey-linux-x64-gnu/-/davey-linux-x64-gnu-0.1.10.tgz",
      "integrity": "sha512-DC8qRmk+xJEFNqjxKB46cETKeDQqgUqE5p39KXS2k6Vl/XTi8pw8pXOxrPfYte5neoqlWAVQzbxuLnwpyRJVEQ==",
      "cpu": [
        "x64"
      ],
      "license": "MIT",
      "optional": true,
      "os": [
        "linux"
      ],
      "engines": {
        "node": ">= 10"
      }
    },
    "node_modules/@snazzah/davey-linux-x64-musl": {
      "version": "0.1.10",
      "resolved": "https://registry.npmjs.org/@snazzah/davey-linux-x64-musl/-/davey-linux-x64-musl-0.1.10.tgz",
      "integrity": "sha512-wPR5/2QmsF7sR0WUaCwbk4XI3TLcxK9PVK8mhgcAYyuRpbhcVgNGWXs8ulcyMSXve5pFRJAFAuMTGCEb014peg==",
      "cpu": [
        "x64"
      ],
      "license": "MIT",
      "optional": true,
      "os": [
        "linux"
      ],
      "engines": {
        "node": ">= 10"
      }
    },
    "node_modules/@snazzah/davey-wasm32-wasi": {
      "version": "0.1.10",
      "resolved": "https://registry.npmjs.org/@snazzah/davey-wasm32-wasi/-/davey-wasm32-wasi-0.1.10.tgz",
      "integrity": "sha512-SfQavU+eKTDbRmPeLRodrVSfsWq25PYTmH1nIZW3B27L6IkijzjXZZuxiU1ZG1gdI5fB7mwXrOTtx34t+vAG7Q==",
      "cpu": [
        "wasm32"
      ],
      "license": "MIT",
      "optional": true,
      "dependencies": {
        "@napi-rs/wasm-runtime": "^1.1.1"
      },
      "engines": {
        "node": ">=14.0.0"
      }
    },
    "node_modules/@snazzah/davey-win32-arm64-msvc": {
      "version": "0.1.10",
      "resolved": "https://registry.npmjs.org/@snazzah/davey-win32-arm64-msvc/-/davey-win32-arm64-msvc-0.1.10.tgz",
      "integrity": "sha512-Raafk53smYs67wZCY9bQXHXzbaiRMS5QCdjTdin3D9fF5A06T/0Zv1z7/YnaN+O3GSL/Ou3RvynF7SziToYiFQ==",
      "cpu": [
        "arm64"
      ],
      "license": "MIT",
      "optional": true,
      "os": [
        "win32"
      ],
      "engines": {
        "node": ">= 10"
      }
    },
    "node_modules/@snazzah/davey-win32-ia32-msvc": {
      "version": "0.1.10",
      "resolved": "https://registry.npmjs.org/@snazzah/davey-win32-ia32-msvc/-/davey-win32-ia32-msvc-0.1.10.tgz",
      "integrity": "sha512-pAs43l/DiZ+icqBwxIwNePzuYxFM1ZblVuf7t6vwwSLxvova7vnREnU7qDVjbc5/YTUHOsqYy3S6TpZMzDo2lw==",
      "cpu": [
        "ia32"
      ],
      "license": "MIT",
      "optional": true,
      "os": [
        "win32"
      ],
      "engines": {
        "node": ">= 10"
      }
    },
    "node_modules/@snazzah/davey-win32-x64-msvc": {
      "version": "0.1.10",
      "resolved": "https://registry.npmjs.org/@snazzah/davey-win32-x64-msvc/-/davey-win32-x64-msvc-0.1.10.tgz",
      "integrity": "sha512-kr6148VVBoUT4CtD+5hYshTFRny7R/xQZxXFhFc0fYjtmdMVM8Px9M91olg1JFNxuNzdfMfTufR58Q3wfBocug==",
      "cpu": [
        "x64"
      ],
      "license": "MIT",
      "optional": true,
      "os": [
        "win32"
      ],
      "engines": {
        "node": ">= 10"
      }
    },
    "node_modules/@toddynnn/udpqueue": {
      "version": "1.0.4",
      "resolved": "https://registry.npmjs.org/@toddynnn/udpqueue/-/udpqueue-1.0.4.tgz",
      "integrity": "sha512-ioy6F37BlM7qOcWsp76fqBBJfRE3+aK5q82FzFi9bMBO5xktnFAhw0uRraFO6HA26HNIoZlSCCDPQbxLOEZw/w==",
      "license": "MIT",
      "optional": true,
      "engines": {
        "node": ">= 12"
      },
      "optionalDependencies": {
        "@toddynnn/udpqueue-android-arm-eabi": "1.0.4",
        "@toddynnn/udpqueue-android-arm64": "1.0.4",
        "@toddynnn/udpqueue-darwin-arm64": "1.0.4",
        "@toddynnn/udpqueue-darwin-x64": "1.0.4",
        "@toddynnn/udpqueue-freebsd-x64": "1.0.4",
        "@toddynnn/udpqueue-linux-arm-gnueabihf": "1.0.4",
        "@toddynnn/udpqueue-linux-arm64-gnu": "1.0.4",
        "@toddynnn/udpqueue-linux-arm64-musl": "1.0.4",
        "@toddynnn/udpqueue-linux-x64-gnu": "1.0.4",
        "@toddynnn/udpqueue-linux-x64-musl": "1.0.4",
        "@toddynnn/udpqueue-win32-arm64-msvc": "1.0.4",
        "@toddynnn/udpqueue-win32-ia32-msvc": "1.0.4",
        "@toddynnn/udpqueue-win32-x64-msvc": "1.0.4"
      }
    },
    "node_modules/@toddynnn/udpqueue-android-arm-eabi": {
      "version": "1.0.4",
      "resolved": "https://registry.npmjs.org/@toddynnn/udpqueue-android-arm-eabi/-/udpqueue-android-arm-eabi-1.0.4.tgz",
      "integrity": "sha512-qcc85A0PIIY6nz3sr8eU/BsKuCcTQVIaZX9SpUnBzoduxGdOZm4aT+bnInDlSiZFk/m7RtV9osxccH0I6+GheQ==",
      "cpu": [
        "arm"
      ],
      "license": "MIT",
      "optional": true,
      "os": [
        "android"
      ],
      "engines": {
        "node": ">= 12"
      }
    },
    "node_modules/@toddynnn/udpqueue-android-arm64": {
      "version": "1.0.4",
      "resolved": "https://registry.npmjs.org/@toddynnn/udpqueue-android-arm64/-/udpqueue-android-arm64-1.0.4.tgz",
      "integrity": "sha512-+HA+8lyd4VccTsFPscMcD27jfP+S+9Q8YPx2Ia2ZX+WCu42K51tWoJT9KST7sQ51wbLGyCyb364HZ2dbICuBmg==",
      "cpu": [
        "arm64"
      ],
      "license": "MIT",
      "optional": true,
      "os": [
        "android"
      ],
      "engines": {
        "node": ">= 12"
      }
    },
    "node_modules/@toddynnn/udpqueue-darwin-arm64": {
      "version": "1.0.4",
      "resolved": "https://registry.npmjs.org/@toddynnn/udpqueue-darwin-arm64/-/udpqueue-darwin-arm64-1.0.4.tgz",
      "integrity": "sha512-WKJjKM/zIcoVROTTwAvQ/gkFT4or4NFTZhDCVPWGh23pvfm7ERNmkZWekxZPMa0YOg9q7QHfYftrIP80YCFuUA==",
      "cpu": [
        "arm64"
      ],
      "license": "MIT",
      "optional": true,
      "os": [
        "darwin"
      ],
      "engines": {
        "node": ">= 12"
      }
    },
    "node_modules/@toddynnn/udpqueue-darwin-x64": {
      "version": "1.0.4",
      "resolved": "https://registry.npmjs.org/@toddynnn/udpqueue-darwin-x64/-/udpqueue-darwin-x64-1.0.4.tgz",
      "integrity": "sha512-P6t4C9xJYjEs3MRmWcsi2T6WKJDooNMe/voXTgs4di/48U/GKCJDBw2v7H9Aw74hO5Zrv3ZBco675qUOqFc8qg==",
      "cpu": [
        "x64"
      ],
      "license": "MIT",
      "optional": true,
      "os": [
        "darwin"
      ],
      "engines": {
        "node": ">= 12"
      }
    },
    "node_modules/@toddynnn/udpqueue-freebsd-x64": {
      "version": "1.0.4",
      "resolved": "https://registry.npmjs.org/@toddynnn/udpqueue-freebsd-x64/-/udpqueue-freebsd-x64-1.0.4.tgz",
      "integrity": "sha512-W8pvjqLoCJFQOP02GsiF+CmpyZhEG+oistfdhrjRJYFkRIm40x4KUyzLU7L5nl2gQ0K68ow04wFwX86iCEL9uA==",
      "cpu": [
        "x64"
      ],
      "license": "MIT",
      "optional": true,
      "os": [
        "freebsd"
      ],
      "engines": {
        "node": ">= 12"
      }
    },
    "node_modules/@toddynnn/udpqueue-linux-arm-gnueabihf": {
      "version": "1.0.4",
      "resolved": "https://registry.npmjs.org/@toddynnn/udpqueue-linux-arm-gnueabihf/-/udpqueue-linux-arm-gnueabihf-1.0.4.tgz",
      "integrity": "sha512-cUAVhZCMzaqKnk4NkOS9dUFKijyzUg83nX0gz6URf6Fwv7xfntpKmXydB3/VbIShfQRiipl/SPs1x+B5b+krog==",
      "cpu": [
        "arm"
      ],
      "license": "MIT",
      "optional": true,
      "os": [
        "linux"
      ],
      "engines": {
        "node": ">= 12"
      }
    },
    "node_modules/@toddynnn/udpqueue-linux-arm64-gnu": {
      "version": "1.0.4",
      "resolved": "https://registry.npmjs.org/@toddynnn/udpqueue-linux-arm64-gnu/-/udpqueue-linux-arm64-gnu-1.0.4.tgz",
      "integrity": "sha512-lKEoJQgzI45BB3VJmJl0IUACDExHHU5/H8FjGwLl6wPMAqqjkXrvWcRdgaNG2r/OfNnP63stG+zHlL8XXcEOHA==",
      "cpu": [
        "arm64"
      ],
      "license": "MIT",
      "optional": true,
      "os": [
        "linux"
      ],
      "engines": {
        "node": ">= 12"
      }
    },
    "node_modules/@toddynnn/udpqueue-linux-arm64-musl": {
      "version": "1.0.4",
      "resolved": "https://registry.npmjs.org/@toddynnn/udpqueue-linux-arm64-musl/-/udpqueue-linux-arm64-musl-1.0.4.tgz",
      "integrity": "sha512-knUEQRjkgF9M5e4EfhglkJn8Tl8FTi3vgiVMV0dovCxRB0HCiCgoEYNBlyCRsrRAGL9luuX3E/iDEbcIrYNj+A==",
      "cpu": [
        "arm64"
      ],
      "license": "MIT",
      "optional": true,
      "os": [
        "linux"
      ],
      "engines": {
        "node": ">= 12"
      }
    },
    "node_modules/@toddynnn/udpqueue-linux-x64-gnu": {
      "version": "1.0.4",
      "resolved": "https://registry.npmjs.org/@toddynnn/udpqueue-linux-x64-gnu/-/udpqueue-linux-x64-gnu-1.0.4.tgz",
      "integrity": "sha512-jgJjOj3T+qpom1gsJudMqc3wohmhM0+qqYPxXVdIAR/YPeUy3gD4+s5Jv9iKDg3R13FolRnPGVjSEBQOTGW9ww==",
      "cpu": [
        "x64"
      ],
      "license": "MIT",
      "optional": true,
      "os": [
        "linux"
      ],
      "engines": {
        "node": ">= 12"
      }
    },
    "node_modules/@toddynnn/udpqueue-linux-x64-musl": {
      "version": "1.0.4",
      "resolved": "https://registry.npmjs.org/@toddynnn/udpqueue-linux-x64-musl/-/udpqueue-linux-x64-musl-1.0.4.tgz",
      "integrity": "sha512-+7OwLjYg3h1hM9Yc0adknvUZdYtetM41Iq7rIjCo7z4n1PFhbWxCcKHQ67JLs7xNdP4BEfiZmC3F7DAdCMCN6A==",
      "cpu": [
        "x64"
      ],
      "license": "MIT",
      "optional": true,
      "os": [
        "linux"
      ],
      "engines": {
        "node": ">= 12"
      }
    },
    "node_modules/@toddynnn/udpqueue-win32-arm64-msvc": {
      "version": "1.0.4",
      "resolved": "https://registry.npmjs.org/@toddynnn/udpqueue-win32-arm64-msvc/-/udpqueue-win32-arm64-msvc-1.0.4.tgz",
      "integrity": "sha512-rEnlOwjJZUDDVtD3Yws4TAe21CKyZMyKgWioEe07zsHtl7uiHEGXUWNzc4yFSnrAv/XxqURZ6edIOTKiBenZmw==",
      "cpu": [
        "arm64"
      ],
      "license": "MIT",
      "optional": true,
      "os": [
        "win32"
      ],
      "engines": {
        "node": ">= 12"
      }
    },
    "node_modules/@toddynnn/udpqueue-win32-ia32-msvc": {
      "version": "1.0.4",
      "resolved": "https://registry.npmjs.org/@toddynnn/udpqueue-win32-ia32-msvc/-/udpqueue-win32-ia32-msvc-1.0.4.tgz",
      "integrity": "sha512-/UL2ORn+ptTb0kupmUNds/CR5EJLhIrU2PB1gpY6Ud6PeX+CN6JS+hsYPgp5EIqA1o1QCLw1lmbIB6bNz9Z1DA==",
      "cpu": [
        "ia32"
      ],
      "license": "MIT",
      "optional": true,
      "os": [
        "win32"
      ],
      "engines": {
        "node": ">= 12"
      }
    },
    "node_modules/@toddynnn/udpqueue-win32-x64-msvc": {
      "version": "1.0.4",
      "resolved": "https://registry.npmjs.org/@toddynnn/udpqueue-win32-x64-msvc/-/udpqueue-win32-x64-msvc-1.0.4.tgz",
      "integrity": "sha512-b0OVCtQDOtTxe3ZXtp/w5By2U+0oV4Ig4AXG+iU+PFvu6JIjUzxTTv9kF522LCYHpBPEiChdU50FmtzwQW0Quw==",
      "cpu": [
        "x64"
      ],
      "license": "MIT",
      "optional": true,
      "os": [
        "win32"
      ],
      "engines": {
        "node": ">= 12"
      }
    },
    "node_modules/@tybys/wasm-util": {
      "version": "0.10.1",
      "resolved": "https://registry.npmjs.org/@tybys/wasm-util/-/wasm-util-0.10.1.tgz",
      "integrity": "sha512-9tTaPJLSiejZKx+Bmog4uSubteqTvFrVrURwkmHixBo0G4seD0zUxp98E1DzUBJxLQ3NPwXrGKDiVjwx/DpPsg==",
      "license": "MIT",
      "optional": true,
      "dependencies": {
        "tslib": "^2.4.0"
      }
    },
    "node_modules/b4a": {
      "version": "1.8.0",
      "resolved": "https://registry.npmjs.org/b4a/-/b4a-1.8.0.tgz",
      "integrity": "sha512-qRuSmNSkGQaHwNbM7J78Wwy+ghLEYF1zNrSeMxj4Kgw6y33O3mXcQ6Ie9fRvfU/YnxWkOchPXbaLb73TkIsfdg==",
      "license": "Apache-2.0",
      "optional": true,
      "peerDependencies": {
        "react-native-b4a": "*"
      },
      "peerDependenciesMeta": {
        "react-native-b4a": {
          "optional": true
        }
      }
    },
    "node_modules/bare-addon-resolve": {
      "version": "1.9.6",
      "resolved": "https://registry.npmjs.org/bare-addon-resolve/-/bare-addon-resolve-1.9.6.tgz",
      "integrity": "sha512-hvOQY1zDK6u0rSr27T6QlULoVLwi8J2k8HHHJlxSfT7XQdQ/7bsS+AnjYkHtu/TkL+gm3aMXAKucJkJAbrDG/g==",
      "license": "Apache-2.0",
      "optional": true,
      "dependencies": {
        "bare-module-resolve": "^1.10.0",
        "bare-semver": "^1.0.0"
      },
      "peerDependencies": {
        "bare-url": "*"
      },
      "peerDependenciesMeta": {
        "bare-url": {
          "optional": true
        }
      }
    },
    "node_modules/bare-ansi-escapes": {
      "version": "2.2.3",
      "resolved": "https://registry.npmjs.org/bare-ansi-escapes/-/bare-ansi-escapes-2.2.3.tgz",
      "integrity": "sha512-02ES4/E2RbrtZSnHJ9LntBhYkLA6lPpSEeP8iqS3MccBIVhVBlEmruF1I7HZqx5Q8aiTeYfQVeqmrU9YO2yYoQ==",
      "license": "Apache-2.0",
      "optional": true,
      "dependencies": {
        "bare-stream": "^2.6.5"
      },
      "peerDependencies": {
        "bare-buffer": "*"
      },
      "peerDependenciesMeta": {
        "bare-buffer": {
          "optional": true
        }
      }
    },
    "node_modules/bare-assert": {
      "version": "1.2.0",
      "resolved": "https://registry.npmjs.org/bare-assert/-/bare-assert-1.2.0.tgz",
      "integrity": "sha512-c6uvgvTJBspTDxtVnPgrBKmLgcpW3Fp72NVKDLg6oT4QjQbhGtvrkHMhGYMK1sh4vjBHOBmuUalyt9hSzV37fQ==",
      "license": "Apache-2.0",
      "optional": true,
      "dependencies": {
        "bare-inspect": "^3.1.2"
      }
    },
    "node_modules/bare-events": {
      "version": "2.8.2",
      "resolved": "https://registry.npmjs.org/bare-events/-/bare-events-2.8.2.tgz",
      "integrity": "sha512-riJjyv1/mHLIPX4RwiK+oW9/4c3TEUeORHKefKAKnZ5kyslbN+HXowtbaVEqt4IMUB7OXlfixcs6gsFeo/jhiQ==",
      "license": "Apache-2.0",
      "optional": true,
      "peerDependencies": {
        "bare-abort-controller": "*"
      },
      "peerDependenciesMeta": {
        "bare-abort-controller": {
          "optional": true
        }
      }
    },
    "node_modules/bare-inspect": {
      "version": "3.1.4",
      "resolved": "https://registry.npmjs.org/bare-inspect/-/bare-inspect-3.1.4.tgz",
      "integrity": "sha512-jfW5KRA84o3REpI6Vr4nbvMn+hqVAw8GU1mMdRwUsY5yJovQamxYeKGVKGqdzs+8ZbG4jRzGUXP/3Ji/DnqfPg==",
      "license": "Apache-2.0",
      "optional": true,
      "dependencies": {
        "bare-ansi-escapes": "^2.1.0",
        "bare-type": "^1.0.0"
      },
      "engines": {
        "bare": ">=1.18.0"
      }
    },
    "node_modules/bare-module-resolve": {
      "version": "1.12.0",
      "resolved": "https://registry.npmjs.org/bare-module-resolve/-/bare-module-resolve-1.12.0.tgz",
      "integrity": "sha512-JrzrqlC3Tds0iKRwQs8xIIJ+FRieKA9ll0jaqpotDLZtjJPVevzRoeuUYZ5GIo1t1z7/pIRdk85Q3i/2xQLfEQ==",
      "license": "Apache-2.0",
      "optional": true,
      "dependencies": {
        "bare-semver": "^1.0.0"
      },
      "peerDependencies": {
        "bare-url": "*"
      },
      "peerDependenciesMeta": {
        "bare-url": {
          "optional": true
        }
      }
    },
    "node_modules/bare-semver": {
      "version": "1.0.2",
      "resolved": "https://registry.npmjs.org/bare-semver/-/bare-semver-1.0.2.tgz",
      "integrity": "sha512-ESVaN2nzWhcI5tf3Zzcq9aqCZ676VWzqw07eEZ0qxAcEOAFYBa0pWq8sK34OQeHLY3JsfKXZS9mDyzyxGjeLzA==",
      "license": "Apache-2.0",
      "optional": true
    },
    "node_modules/bare-stream": {
      "version": "2.11.0",
      "resolved": "https://registry.npmjs.org/bare-stream/-/bare-stream-2.11.0.tgz",
      "integrity": "sha512-Y/+iQ49fL3rIn6w/AVxI/2+BRrpmzJvdWt5Jv8Za6Ngqc6V227c+pYjYYgLdpR3MwQ9ObVXD0ZrqoBztakM0rw==",
      "license": "Apache-2.0",
      "optional": true,
      "dependencies": {
        "streamx": "^2.25.0",
        "teex": "^1.0.1"
      },
      "peerDependencies": {
        "bare-abort-controller": "*",
        "bare-buffer": "*",
        "bare-events": "*"
      },
      "peerDependenciesMeta": {
        "bare-abort-controller": {
          "optional": true
        },
        "bare-buffer": {
          "optional": true
        },
        "bare-events": {
          "optional": true
        }
      }
    },
    "node_modules/bare-type": {
      "version": "1.1.0",
      "resolved": "https://registry.npmjs.org/bare-type/-/bare-type-1.1.0.tgz",
      "integrity": "sha512-LdtnnEEYldOc87Dr4GpsKnStStZk3zfgoEMXy8yvEZkXrcCv9RtYDrUYWFsBQHtaB0s1EUWmcvS6XmEZYIj3Bw==",
      "license": "Apache-2.0",
      "optional": true,
      "engines": {
        "bare": ">=1.2.0"
      }
    },
    "node_modules/events-universal": {
      "version": "1.0.1",
      "resolved": "https://registry.npmjs.org/events-universal/-/events-universal-1.0.1.tgz",
      "integrity": "sha512-LUd5euvbMLpwOF8m6ivPCbhQeSiYVNb8Vs0fQ8QjXo0JTkEHpz8pxdQf0gStltaPpw0Cca8b39KxvK9cfKRiAw==",
      "license": "Apache-2.0",
      "optional": true,
      "dependencies": {
        "bare-events": "^2.7.0"
      }
    },
    "node_modules/fast-fifo": {
      "version": "1.3.2",
      "resolved": "https://registry.npmjs.org/fast-fifo/-/fast-fifo-1.3.2.tgz",
      "integrity": "sha512-/d9sfos4yxzpwkDkuN7k2SqFKtYNmCTzgfEpz82x34IM9/zc8KGxQoXg1liNC/izpRM/MBdt44Nmx41ZWqk+FQ==",
      "license": "MIT",
      "optional": true
    },
    "node_modules/libsodium": {
      "version": "0.8.2",
      "resolved": "https://registry.npmjs.org/libsodium/-/libsodium-0.8.2.tgz",
      "integrity": "sha512-TsnGYMoZtpweT+kR+lOv5TVsnJ/9U0FZOsLFzFOMWmxqOAYXjX3fsrPAW+i1LthgDKXJnI9A8dWEanT1tnJKIw==",
      "license": "ISC",
      "optional": true
    },
    "node_modules/libsodium-wrappers": {
      "version": "0.8.2",
      "resolved": "https://registry.npmjs.org/libsodium-wrappers/-/libsodium-wrappers-0.8.2.tgz",
      "integrity": "sha512-VFLmfxkxo+U9q60tjcnSomQBRx2UzlRjKWJqvB4K1pUqsMQg4cu3QXA2nrcsj9A1qRsnJBbi2Ozx1hsiDoCkhw==",
      "license": "ISC",
      "optional": true,
      "dependencies": {
        "libsodium": "^0.8.0"
      }
    },
    "node_modules/require-addon": {
      "version": "1.2.0",
      "resolved": "https://registry.npmjs.org/require-addon/-/require-addon-1.2.0.tgz",
      "integrity": "sha512-VNPDZlYgIYQwWp9jMTzljx+k0ZtatKlcvOhktZ/anNPI3dQ9NXk7cq2U4iJ1wd9IrytRnYhyEocFWbkdPb+MYA==",
      "license": "Apache-2.0",
      "optional": true,
      "dependencies": {
        "bare-addon-resolve": "^1.3.0"
      },
      "engines": {
        "bare": ">=1.10.0"
      }
    },
    "node_modules/sodium-native": {
      "version": "5.1.0",
      "resolved": "https://registry.npmjs.org/sodium-native/-/sodium-native-5.1.0.tgz",
      "integrity": "sha512-3RxgyWyJlhTsABPnJVpCI5CoTDANZTqqFrEPqr+kjfnRaBihpVtMUE3yTF40ukdoB1APXeoBNKF3MzZAIHg39g==",
      "license": "MIT",
      "optional": true,
      "dependencies": {
        "bare-assert": "^1.2.0",
        "require-addon": "^1.1.0",
        "which-runtime": "^1.2.1"
      },
      "engines": {
        "bare": ">=1.16.0"
      }
    },
    "node_modules/streamx": {
      "version": "2.25.0",
      "resolved": "https://registry.npmjs.org/streamx/-/streamx-2.25.0.tgz",
      "integrity": "sha512-0nQuG6jf1w+wddNEEXCF4nTg3LtufWINB5eFEN+5TNZW7KWJp6x87+JFL43vaAUPyCfH1wID+mNVyW6OHtFamg==",
      "license": "MIT",
      "optional": true,
      "dependencies": {
        "events-universal": "^1.0.0",
        "fast-fifo": "^1.3.2",
        "text-decoder": "^1.1.0"
      }
    },
    "node_modules/teex": {
      "version": "1.0.1",
      "resolved": "https://registry.npmjs.org/teex/-/teex-1.0.1.tgz",
      "integrity": "sha512-eYE6iEI62Ni1H8oIa7KlDU6uQBtqr4Eajni3wX7rpfXD8ysFx8z0+dri+KWEPWpBsxXfxu58x/0jvTVT1ekOSg==",
      "license": "MIT",
      "optional": true,
      "dependencies": {
        "streamx": "^2.12.5"
      }
    },
    "node_modules/text-decoder": {
      "version": "1.2.7",
      "resolved": "https://registry.npmjs.org/text-decoder/-/text-decoder-1.2.7.tgz",
      "integrity": "sha512-vlLytXkeP4xvEq2otHeJfSQIRyWxo/oZGEbXrtEEF9Hnmrdly59sUbzZ/QgyWuLYHctCHxFF4tRQZNQ9k60ExQ==",
      "license": "Apache-2.0",
      "optional": true,
      "dependencies": {
        "b4a": "^1.6.4"
      }
    },
    "node_modules/tslib": {
      "version": "2.8.1",
      "resolved": "https://registry.npmjs.org/tslib/-/tslib-2.8.1.tgz",
      "integrity": "sha512-oJFu94HQb+KVduSUQL7wnpmqnfmLsOA/nAh6b6EH0wCEoK0/mPeXU6c3wKDV83MkOuHPRHtSXKKU99IBazS/2w==",
      "license": "0BSD",
      "optional": true
    },
    "node_modules/which-runtime": {
      "version": "1.3.2",
      "resolved": "https://registry.npmjs.org/which-runtime/-/which-runtime-1.3.2.tgz",
      "integrity": "sha512-5kwCfWml7+b2NO7KrLMhYihjRx0teKkd3yGp1Xk5Vaf2JGdSh+rgVhEALAD9c/59dP+YwJHXoEO7e8QPy7gOkw==",
      "license": "Apache-2.0",
      "optional": true
    }
  }
}
